{
  "version": 4,
  "terraform_version": "0.13.4",
  "serial": 12,
  "lineage": "29dad9d9-ef8f-2ce6-5d60-bc10222ea14f",
  "outputs": {
    "arithmetic": {
      "value": "0 1 2 3",
      "type": "string"
    },
    "aws_availability_zones": {
      "value": {
        "all_availability_zones": null,
        "blacklisted_names": null,
        "blacklisted_zone_ids": null,
        "exclude_names": null,
        "exclude_zone_ids": null,
        "filter": null,
        "group_names": [
          "eu-central-1"
        ],
        "id": "2020-10-16 13:24:59.900347641 +0000 UTC",
        "names": [
          "eu-central-1a",
          "eu-central-1b",
          "eu-central-1c"
        ],
        "state": "available",
        "zone_ids": [
          "euc1-az2",
          "euc1-az3",
          "euc1-az1"
        ]
      },
      "type": [
        "object",
        {
          "all_availability_zones": "bool",
          "blacklisted_names": [
            "set",
            "string"
          ],
          "blacklisted_zone_ids": [
            "set",
            "string"
          ],
          "exclude_names": [
            "set",
            "string"
          ],
          "exclude_zone_ids": [
            "set",
            "string"
          ],
          "filter": [
            "set",
            [
              "object",
              {
                "name": "string",
                "values": [
                  "set",
                  "string"
                ]
              }
            ]
          ],
          "group_names": [
            "set",
            "string"
          ],
          "id": "string",
          "names": [
            "list",
            "string"
          ],
          "state": "string",
          "zone_ids": [
            "list",
            "string"
          ]
        }
      ]
    },
    "aws_caller_info": {
      "value": {
        "account_id": "726789470233",
        "arn": "arn:aws:iam::726789470233:user/terraform",
        "id": "2020-10-16 13:24:56.679183571 +0000 UTC",
        "user_id": "AIDA2SOAHHAMSEPY46DIT"
      },
      "type": [
        "object",
        {
          "account_id": "string",
          "arn": "string",
          "id": "string",
          "user_id": "string"
        }
      ]
    },
    "bucket-x": {
      "value": [
        {
          "acceleration_status": "",
          "acl": "private",
          "arn": "arn:aws:s3:::726789470233-aida2soahhamsepy46dit-bucket-x7",
          "bucket": "726789470233-aida2soahhamsepy46dit-bucket-x7",
          "bucket_domain_name": "726789470233-aida2soahhamsepy46dit-bucket-x7.s3.amazonaws.com",
          "bucket_prefix": null,
          "bucket_regional_domain_name": "726789470233-aida2soahhamsepy46dit-bucket-x7.s3.eu-central-1.amazonaws.com",
          "cors_rule": [],
          "force_destroy": false,
          "grant": [],
          "hosted_zone_id": "Z21DNDUVLTQW6Q",
          "id": "726789470233-aida2soahhamsepy46dit-bucket-x7",
          "lifecycle_rule": [],
          "logging": [],
          "object_lock_configuration": [],
          "policy": null,
          "region": "eu-central-1",
          "replication_configuration": [],
          "request_payer": "BucketOwner",
          "server_side_encryption_configuration": [],
          "tags": null,
          "versioning": [
            {
              "enabled": false,
              "mfa_delete": false
            }
          ],
          "website": [],
          "website_domain": null,
          "website_endpoint": null
        },
        {
          "acceleration_status": "",
          "acl": "private",
          "arn": "arn:aws:s3:::726789470233-aida2soahhamsepy46dit-bucket-x8",
          "bucket": "726789470233-aida2soahhamsepy46dit-bucket-x8",
          "bucket_domain_name": "726789470233-aida2soahhamsepy46dit-bucket-x8.s3.amazonaws.com",
          "bucket_prefix": null,
          "bucket_regional_domain_name": "726789470233-aida2soahhamsepy46dit-bucket-x8.s3.eu-central-1.amazonaws.com",
          "cors_rule": [],
          "force_destroy": false,
          "grant": [],
          "hosted_zone_id": "Z21DNDUVLTQW6Q",
          "id": "726789470233-aida2soahhamsepy46dit-bucket-x8",
          "lifecycle_rule": [],
          "logging": [],
          "object_lock_configuration": [],
          "policy": null,
          "region": "eu-central-1",
          "replication_configuration": [],
          "request_payer": "BucketOwner",
          "server_side_encryption_configuration": [],
          "tags": null,
          "versioning": [
            {
              "enabled": false,
              "mfa_delete": false
            }
          ],
          "website": [],
          "website_domain": null,
          "website_endpoint": null
        },
        {
          "acceleration_status": "",
          "acl": "private",
          "arn": "arn:aws:s3:::726789470233-aida2soahhamsepy46dit-bucket-x9",
          "bucket": "726789470233-aida2soahhamsepy46dit-bucket-x9",
          "bucket_domain_name": "726789470233-aida2soahhamsepy46dit-bucket-x9.s3.amazonaws.com",
          "bucket_prefix": null,
          "bucket_regional_domain_name": "726789470233-aida2soahhamsepy46dit-bucket-x9.s3.eu-central-1.amazonaws.com",
          "cors_rule": [],
          "force_destroy": false,
          "grant": [],
          "hosted_zone_id": "Z21DNDUVLTQW6Q",
          "id": "726789470233-aida2soahhamsepy46dit-bucket-x9",
          "lifecycle_rule": [],
          "logging": [],
          "object_lock_configuration": [],
          "policy": null,
          "region": "eu-central-1",
          "replication_configuration": [],
          "request_payer": "BucketOwner",
          "server_side_encryption_configuration": [],
          "tags": null,
          "versioning": [
            {
              "enabled": false,
              "mfa_delete": false
            }
          ],
          "website": [],
          "website_domain": null,
          "website_endpoint": null
        },
        {
          "acceleration_status": "",
          "acl": "private",
          "arn": "arn:aws:s3:::726789470233-aida2soahhamsepy46dit-bucket-x10",
          "bucket": "726789470233-aida2soahhamsepy46dit-bucket-x10",
          "bucket_domain_name": "726789470233-aida2soahhamsepy46dit-bucket-x10.s3.amazonaws.com",
          "bucket_prefix": null,
          "bucket_regional_domain_name": "726789470233-aida2soahhamsepy46dit-bucket-x10.s3.eu-central-1.amazonaws.com",
          "cors_rule": [],
          "force_destroy": false,
          "grant": [],
          "hosted_zone_id": "Z21DNDUVLTQW6Q",
          "id": "726789470233-aida2soahhamsepy46dit-bucket-x10",
          "lifecycle_rule": [],
          "logging": [],
          "object_lock_configuration": [],
          "policy": null,
          "region": "eu-central-1",
          "replication_configuration": [],
          "request_payer": "BucketOwner",
          "server_side_encryption_configuration": [],
          "tags": null,
          "versioning": [
            {
              "enabled": false,
              "mfa_delete": false
            }
          ],
          "website": [],
          "website_domain": null,
          "website_endpoint": null
        },
        {
          "acceleration_status": "",
          "acl": "private",
          "arn": "arn:aws:s3:::726789470233-aida2soahhamsepy46dit-bucket-x11",
          "bucket": "726789470233-aida2soahhamsepy46dit-bucket-x11",
          "bucket_domain_name": "726789470233-aida2soahhamsepy46dit-bucket-x11.s3.amazonaws.com",
          "bucket_prefix": null,
          "bucket_regional_domain_name": "726789470233-aida2soahhamsepy46dit-bucket-x11.s3.eu-central-1.amazonaws.com",
          "cors_rule": [],
          "force_destroy": false,
          "grant": [],
          "hosted_zone_id": "Z21DNDUVLTQW6Q",
          "id": "726789470233-aida2soahhamsepy46dit-bucket-x11",
          "lifecycle_rule": [],
          "logging": [],
          "object_lock_configuration": [],
          "policy": null,
          "region": "eu-central-1",
          "replication_configuration": [],
          "request_payer": "BucketOwner",
          "server_side_encryption_configuration": [],
          "tags": null,
          "versioning": [
            {
              "enabled": false,
              "mfa_delete": false
            }
          ],
          "website": [],
          "website_domain": null,
          "website_endpoint": null
        },
        {
          "acceleration_status": "",
          "acl": "private",
          "arn": "arn:aws:s3:::726789470233-aida2soahhamsepy46dit-bucket-x12",
          "bucket": "726789470233-aida2soahhamsepy46dit-bucket-x12",
          "bucket_domain_name": "726789470233-aida2soahhamsepy46dit-bucket-x12.s3.amazonaws.com",
          "bucket_prefix": null,
          "bucket_regional_domain_name": "726789470233-aida2soahhamsepy46dit-bucket-x12.s3.eu-central-1.amazonaws.com",
          "cors_rule": [],
          "force_destroy": false,
          "grant": [],
          "hosted_zone_id": "Z21DNDUVLTQW6Q",
          "id": "726789470233-aida2soahhamsepy46dit-bucket-x12",
          "lifecycle_rule": [],
          "logging": [],
          "object_lock_configuration": [],
          "policy": null,
          "region": "eu-central-1",
          "replication_configuration": [],
          "request_payer": "BucketOwner",
          "server_side_encryption_configuration": [],
          "tags": null,
          "versioning": [
            {
              "enabled": false,
              "mfa_delete": false
            }
          ],
          "website": [],
          "website_domain": null,
          "website_endpoint": null
        },
        {
          "acceleration_status": "",
          "acl": "private",
          "arn": "arn:aws:s3:::726789470233-aida2soahhamsepy46dit-bucket-x13",
          "bucket": "726789470233-aida2soahhamsepy46dit-bucket-x13",
          "bucket_domain_name": "726789470233-aida2soahhamsepy46dit-bucket-x13.s3.amazonaws.com",
          "bucket_prefix": null,
          "bucket_regional_domain_name": "726789470233-aida2soahhamsepy46dit-bucket-x13.s3.eu-central-1.amazonaws.com",
          "cors_rule": [],
          "force_destroy": false,
          "grant": [],
          "hosted_zone_id": "Z21DNDUVLTQW6Q",
          "id": "726789470233-aida2soahhamsepy46dit-bucket-x13",
          "lifecycle_rule": [],
          "logging": [],
          "object_lock_configuration": [],
          "policy": null,
          "region": "eu-central-1",
          "replication_configuration": [],
          "request_payer": "BucketOwner",
          "server_side_encryption_configuration": [],
          "tags": null,
          "versioning": [
            {
              "enabled": false,
              "mfa_delete": false
            }
          ],
          "website": [],
          "website_domain": null,
          "website_endpoint": null
        }
      ],
      "type": [
        "tuple",
        [
          [
            "object",
            {
              "acceleration_status": "string",
              "acl": "string",
              "arn": "string",
              "bucket": "string",
              "bucket_domain_name": "string",
              "bucket_prefix": "string",
              "bucket_regional_domain_name": "string",
              "cors_rule": [
                "list",
                [
                  "object",
                  {
                    "allowed_headers": [
                      "list",
                      "string"
                    ],
                    "allowed_methods": [
                      "list",
                      "string"
                    ],
                    "allowed_origins": [
                      "list",
                      "string"
                    ],
                    "expose_headers": [
                      "list",
                      "string"
                    ],
                    "max_age_seconds": "number"
                  }
                ]
              ],
              "force_destroy": "bool",
              "grant": [
                "set",
                [
                  "object",
                  {
                    "id": "string",
                    "permissions": [
                      "set",
                      "string"
                    ],
                    "type": "string",
                    "uri": "string"
                  }
                ]
              ],
              "hosted_zone_id": "string",
              "id": "string",
              "lifecycle_rule": [
                "list",
                [
                  "object",
                  {
                    "abort_incomplete_multipart_upload_days": "number",
                    "enabled": "bool",
                    "expiration": [
                      "list",
                      [
                        "object",
                        {
                          "date": "string",
                          "days": "number",
                          "expired_object_delete_marker": "bool"
                        }
                      ]
                    ],
                    "id": "string",
                    "noncurrent_version_expiration": [
                      "list",
                      [
                        "object",
                        {
                          "days": "number"
                        }
                      ]
                    ],
                    "noncurrent_version_transition": [
                      "set",
                      [
                        "object",
                        {
                          "days": "number",
                          "storage_class": "string"
                        }
                      ]
                    ],
                    "prefix": "string",
                    "tags": [
                      "map",
                      "string"
                    ],
                    "transition": [
                      "set",
                      [
                        "object",
                        {
                          "date": "string",
                          "days": "number",
                          "storage_class": "string"
                        }
                      ]
                    ]
                  }
                ]
              ],
              "logging": [
                "set",
                [
                  "object",
                  {
                    "target_bucket": "string",
                    "target_prefix": "string"
                  }
                ]
              ],
              "object_lock_configuration": [
                "list",
                [
                  "object",
                  {
                    "object_lock_enabled": "string",
                    "rule": [
                      "list",
                      [
                        "object",
                        {
                          "default_retention": [
                            "list",
                            [
                              "object",
                              {
                                "days": "number",
                                "mode": "string",
                                "years": "number"
                              }
                            ]
                          ]
                        }
                      ]
                    ]
                  }
                ]
              ],
              "policy": "string",
              "region": "string",
              "replication_configuration": [
                "list",
                [
                  "object",
                  {
                    "role": "string",
                    "rules": [
                      "set",
                      [
                        "object",
                        {
                          "destination": [
                            "list",
                            [
                              "object",
                              {
                                "access_control_translation": [
                                  "list",
                                  [
                                    "object",
                                    {
                                      "owner": "string"
                                    }
                                  ]
                                ],
                                "account_id": "string",
                                "bucket": "string",
                                "replica_kms_key_id": "string",
                                "storage_class": "string"
                              }
                            ]
                          ],
                          "filter": [
                            "list",
                            [
                              "object",
                              {
                                "prefix": "string",
                                "tags": [
                                  "map",
                                  "string"
                                ]
                              }
                            ]
                          ],
                          "id": "string",
                          "prefix": "string",
                          "priority": "number",
                          "source_selection_criteria": [
                            "list",
                            [
                              "object",
                              {
                                "sse_kms_encrypted_objects": [
                                  "list",
                                  [
                                    "object",
                                    {
                                      "enabled": "bool"
                                    }
                                  ]
                                ]
                              }
                            ]
                          ],
                          "status": "string"
                        }
                      ]
                    ]
                  }
                ]
              ],
              "request_payer": "string",
              "server_side_encryption_configuration": [
                "list",
                [
                  "object",
                  {
                    "rule": [
                      "list",
                      [
                        "object",
                        {
                          "apply_server_side_encryption_by_default": [
                            "list",
                            [
                              "object",
                              {
                                "kms_master_key_id": "string",
                                "sse_algorithm": "string"
                              }
                            ]
                          ]
                        }
                      ]
                    ]
                  }
                ]
              ],
              "tags": [
                "map",
                "string"
              ],
              "versioning": [
                "list",
                [
                  "object",
                  {
                    "enabled": "bool",
                    "mfa_delete": "bool"
                  }
                ]
              ],
              "website": [
                "list",
                [
                  "object",
                  {
                    "error_document": "string",
                    "index_document": "string",
                    "redirect_all_requests_to": "string",
                    "routing_rules": "string"
                  }
                ]
              ],
              "website_domain": "string",
              "website_endpoint": "string"
            }
          ],
          [
            "object",
            {
              "acceleration_status": "string",
              "acl": "string",
              "arn": "string",
              "bucket": "string",
              "bucket_domain_name": "string",
              "bucket_prefix": "string",
              "bucket_regional_domain_name": "string",
              "cors_rule": [
                "list",
                [
                  "object",
                  {
                    "allowed_headers": [
                      "list",
                      "string"
                    ],
                    "allowed_methods": [
                      "list",
                      "string"
                    ],
                    "allowed_origins": [
                      "list",
                      "string"
                    ],
                    "expose_headers": [
                      "list",
                      "string"
                    ],
                    "max_age_seconds": "number"
                  }
                ]
              ],
              "force_destroy": "bool",
              "grant": [
                "set",
                [
                  "object",
                  {
                    "id": "string",
                    "permissions": [
                      "set",
                      "string"
                    ],
                    "type": "string",
                    "uri": "string"
                  }
                ]
              ],
              "hosted_zone_id": "string",
              "id": "string",
              "lifecycle_rule": [
                "list",
                [
                  "object",
                  {
                    "abort_incomplete_multipart_upload_days": "number",
                    "enabled": "bool",
                    "expiration": [
                      "list",
                      [
                        "object",
                        {
                          "date": "string",
                          "days": "number",
                          "expired_object_delete_marker": "bool"
                        }
                      ]
                    ],
                    "id": "string",
                    "noncurrent_version_expiration": [
                      "list",
                      [
                        "object",
                        {
                          "days": "number"
                        }
                      ]
                    ],
                    "noncurrent_version_transition": [
                      "set",
                      [
                        "object",
                        {
                          "days": "number",
                          "storage_class": "string"
                        }
                      ]
                    ],
                    "prefix": "string",
                    "tags": [
                      "map",
                      "string"
                    ],
                    "transition": [
                      "set",
                      [
                        "object",
                        {
                          "date": "string",
                          "days": "number",
                          "storage_class": "string"
                        }
                      ]
                    ]
                  }
                ]
              ],
              "logging": [
                "set",
                [
                  "object",
                  {
                    "target_bucket": "string",
                    "target_prefix": "string"
                  }
                ]
              ],
              "object_lock_configuration": [
                "list",
                [
                  "object",
                  {
                    "object_lock_enabled": "string",
                    "rule": [
                      "list",
                      [
                        "object",
                        {
                          "default_retention": [
                            "list",
                            [
                              "object",
                              {
                                "days": "number",
                                "mode": "string",
                                "years": "number"
                              }
                            ]
                          ]
                        }
                      ]
                    ]
                  }
                ]
              ],
              "policy": "string",
              "region": "string",
              "replication_configuration": [
                "list",
                [
                  "object",
                  {
                    "role": "string",
                    "rules": [
                      "set",
                      [
                        "object",
                        {
                          "destination": [
                            "list",
                            [
                              "object",
                              {
                                "access_control_translation": [
                                  "list",
                                  [
                                    "object",
                                    {
                                      "owner": "string"
                                    }
                                  ]
                                ],
                                "account_id": "string",
                                "bucket": "string",
                                "replica_kms_key_id": "string",
                                "storage_class": "string"
                              }
                            ]
                          ],
                          "filter": [
                            "list",
                            [
                              "object",
                              {
                                "prefix": "string",
                                "tags": [
                                  "map",
                                  "string"
                                ]
                              }
                            ]
                          ],
                          "id": "string",
                          "prefix": "string",
                          "priority": "number",
                          "source_selection_criteria": [
                            "list",
                            [
                              "object",
                              {
                                "sse_kms_encrypted_objects": [
                                  "list",
                                  [
                                    "object",
                                    {
                                      "enabled": "bool"
                                    }
                                  ]
                                ]
                              }
                            ]
                          ],
                          "status": "string"
                        }
                      ]
                    ]
                  }
                ]
              ],
              "request_payer": "string",
              "server_side_encryption_configuration": [
                "list",
                [
                  "object",
                  {
                    "rule": [
                      "list",
                      [
                        "object",
                        {
                          "apply_server_side_encryption_by_default": [
                            "list",
                            [
                              "object",
                              {
                                "kms_master_key_id": "string",
                                "sse_algorithm": "string"
                              }
                            ]
                          ]
                        }
                      ]
                    ]
                  }
                ]
              ],
              "tags": [
                "map",
                "string"
              ],
              "versioning": [
                "list",
                [
                  "object",
                  {
                    "enabled": "bool",
                    "mfa_delete": "bool"
                  }
                ]
              ],
              "website": [
                "list",
                [
                  "object",
                  {
                    "error_document": "string",
                    "index_document": "string",
                    "redirect_all_requests_to": "string",
                    "routing_rules": "string"
                  }
                ]
              ],
              "website_domain": "string",
              "website_endpoint": "string"
            }
          ],
          [
            "object",
            {
              "acceleration_status": "string",
              "acl": "string",
              "arn": "string",
              "bucket": "string",
              "bucket_domain_name": "string",
              "bucket_prefix": "string",
              "bucket_regional_domain_name": "string",
              "cors_rule": [
                "list",
                [
                  "object",
                  {
                    "allowed_headers": [
                      "list",
                      "string"
                    ],
                    "allowed_methods": [
                      "list",
                      "string"
                    ],
                    "allowed_origins": [
                      "list",
                      "string"
                    ],
                    "expose_headers": [
                      "list",
                      "string"
                    ],
                    "max_age_seconds": "number"
                  }
                ]
              ],
              "force_destroy": "bool",
              "grant": [
                "set",
                [
                  "object",
                  {
                    "id": "string",
                    "permissions": [
                      "set",
                      "string"
                    ],
                    "type": "string",
                    "uri": "string"
                  }
                ]
              ],
              "hosted_zone_id": "string",
              "id": "string",
              "lifecycle_rule": [
                "list",
                [
                  "object",
                  {
                    "abort_incomplete_multipart_upload_days": "number",
                    "enabled": "bool",
                    "expiration": [
                      "list",
                      [
                        "object",
                        {
                          "date": "string",
                          "days": "number",
                          "expired_object_delete_marker": "bool"
                        }
                      ]
                    ],
                    "id": "string",
                    "noncurrent_version_expiration": [
                      "list",
                      [
                        "object",
                        {
                          "days": "number"
                        }
                      ]
                    ],
                    "noncurrent_version_transition": [
                      "set",
                      [
                        "object",
                        {
                          "days": "number",
                          "storage_class": "string"
                        }
                      ]
                    ],
                    "prefix": "string",
                    "tags": [
                      "map",
                      "string"
                    ],
                    "transition": [
                      "set",
                      [
                        "object",
                        {
                          "date": "string",
                          "days": "number",
                          "storage_class": "string"
                        }
                      ]
                    ]
                  }
                ]
              ],
              "logging": [
                "set",
                [
                  "object",
                  {
                    "target_bucket": "string",
                    "target_prefix": "string"
                  }
                ]
              ],
              "object_lock_configuration": [
                "list",
                [
                  "object",
                  {
                    "object_lock_enabled": "string",
                    "rule": [
                      "list",
                      [
                        "object",
                        {
                          "default_retention": [
                            "list",
                            [
                              "object",
                              {
                                "days": "number",
                                "mode": "string",
                                "years": "number"
                              }
                            ]
                          ]
                        }
                      ]
                    ]
                  }
                ]
              ],
              "policy": "string",
              "region": "string",
              "replication_configuration": [
                "list",
                [
                  "object",
                  {
                    "role": "string",
                    "rules": [
                      "set",
                      [
                        "object",
                        {
                          "destination": [
                            "list",
                            [
                              "object",
                              {
                                "access_control_translation": [
                                  "list",
                                  [
                                    "object",
                                    {
                                      "owner": "string"
                                    }
                                  ]
                                ],
                                "account_id": "string",
                                "bucket": "string",
                                "replica_kms_key_id": "string",
                                "storage_class": "string"
                              }
                            ]
                          ],
                          "filter": [
                            "list",
                            [
                              "object",
                              {
                                "prefix": "string",
                                "tags": [
                                  "map",
                                  "string"
                                ]
                              }
                            ]
                          ],
                          "id": "string",
                          "prefix": "string",
                          "priority": "number",
                          "source_selection_criteria": [
                            "list",
                            [
                              "object",
                              {
                                "sse_kms_encrypted_objects": [
                                  "list",
                                  [
                                    "object",
                                    {
                                      "enabled": "bool"
                                    }
                                  ]
                                ]
                              }
                            ]
                          ],
                          "status": "string"
                        }
                      ]
                    ]
                  }
                ]
              ],
              "request_payer": "string",
              "server_side_encryption_configuration": [
                "list",
                [
                  "object",
                  {
                    "rule": [
                      "list",
                      [
                        "object",
                        {
                          "apply_server_side_encryption_by_default": [
                            "list",
                            [
                              "object",
                              {
                                "kms_master_key_id": "string",
                                "sse_algorithm": "string"
                              }
                            ]
                          ]
                        }
                      ]
                    ]
                  }
                ]
              ],
              "tags": [
                "map",
                "string"
              ],
              "versioning": [
                "list",
                [
                  "object",
                  {
                    "enabled": "bool",
                    "mfa_delete": "bool"
                  }
                ]
              ],
              "website": [
                "list",
                [
                  "object",
                  {
                    "error_document": "string",
                    "index_document": "string",
                    "redirect_all_requests_to": "string",
                    "routing_rules": "string"
                  }
                ]
              ],
              "website_domain": "string",
              "website_endpoint": "string"
            }
          ],
          [
            "object",
            {
              "acceleration_status": "string",
              "acl": "string",
              "arn": "string",
              "bucket": "string",
              "bucket_domain_name": "string",
              "bucket_prefix": "string",
              "bucket_regional_domain_name": "string",
              "cors_rule": [
                "list",
                [
                  "object",
                  {
                    "allowed_headers": [
                      "list",
                      "string"
                    ],
                    "allowed_methods": [
                      "list",
                      "string"
                    ],
                    "allowed_origins": [
                      "list",
                      "string"
                    ],
                    "expose_headers": [
                      "list",
                      "string"
                    ],
                    "max_age_seconds": "number"
                  }
                ]
              ],
              "force_destroy": "bool",
              "grant": [
                "set",
                [
                  "object",
                  {
                    "id": "string",
                    "permissions": [
                      "set",
                      "string"
                    ],
                    "type": "string",
                    "uri": "string"
                  }
                ]
              ],
              "hosted_zone_id": "string",
              "id": "string",
              "lifecycle_rule": [
                "list",
                [
                  "object",
                  {
                    "abort_incomplete_multipart_upload_days": "number",
                    "enabled": "bool",
                    "expiration": [
                      "list",
                      [
                        "object",
                        {
                          "date": "string",
                          "days": "number",
                          "expired_object_delete_marker": "bool"
                        }
                      ]
                    ],
                    "id": "string",
                    "noncurrent_version_expiration": [
                      "list",
                      [
                        "object",
                        {
                          "days": "number"
                        }
                      ]
                    ],
                    "noncurrent_version_transition": [
                      "set",
                      [
                        "object",
                        {
                          "days": "number",
                          "storage_class": "string"
                        }
                      ]
                    ],
                    "prefix": "string",
                    "tags": [
                      "map",
                      "string"
                    ],
                    "transition": [
                      "set",
                      [
                        "object",
                        {
                          "date": "string",
                          "days": "number",
                          "storage_class": "string"
                        }
                      ]
                    ]
                  }
                ]
              ],
              "logging": [
                "set",
                [
                  "object",
                  {
                    "target_bucket": "string",
                    "target_prefix": "string"
                  }
                ]
              ],
              "object_lock_configuration": [
                "list",
                [
                  "object",
                  {
                    "object_lock_enabled": "string",
                    "rule": [
                      "list",
                      [
                        "object",
                        {
                          "default_retention": [
                            "list",
                            [
                              "object",
                              {
                                "days": "number",
                                "mode": "string",
                                "years": "number"
                              }
                            ]
                          ]
                        }
                      ]
                    ]
                  }
                ]
              ],
              "policy": "string",
              "region": "string",
              "replication_configuration": [
                "list",
                [
                  "object",
                  {
                    "role": "string",
                    "rules": [
                      "set",
                      [
                        "object",
                        {
                          "destination": [
                            "list",
                            [
                              "object",
                              {
                                "access_control_translation": [
                                  "list",
                                  [
                                    "object",
                                    {
                                      "owner": "string"
                                    }
                                  ]
                                ],
                                "account_id": "string",
                                "bucket": "string",
                                "replica_kms_key_id": "string",
                                "storage_class": "string"
                              }
                            ]
                          ],
                          "filter": [
                            "list",
                            [
                              "object",
                              {
                                "prefix": "string",
                                "tags": [
                                  "map",
                                  "string"
                                ]
                              }
                            ]
                          ],
                          "id": "string",
                          "prefix": "string",
                          "priority": "number",
                          "source_selection_criteria": [
                            "list",
                            [
                              "object",
                              {
                                "sse_kms_encrypted_objects": [
                                  "list",
                                  [
                                    "object",
                                    {
                                      "enabled": "bool"
                                    }
                                  ]
                                ]
                              }
                            ]
                          ],
                          "status": "string"
                        }
                      ]
                    ]
                  }
                ]
              ],
              "request_payer": "string",
              "server_side_encryption_configuration": [
                "list",
                [
                  "object",
                  {
                    "rule": [
                      "list",
                      [
                        "object",
                        {
                          "apply_server_side_encryption_by_default": [
                            "list",
                            [
                              "object",
                              {
                                "kms_master_key_id": "string",
                                "sse_algorithm": "string"
                              }
                            ]
                          ]
                        }
                      ]
                    ]
                  }
                ]
              ],
              "tags": [
                "map",
                "string"
              ],
              "versioning": [
                "list",
                [
                  "object",
                  {
                    "enabled": "bool",
                    "mfa_delete": "bool"
                  }
                ]
              ],
              "website": [
                "list",
                [
                  "object",
                  {
                    "error_document": "string",
                    "index_document": "string",
                    "redirect_all_requests_to": "string",
                    "routing_rules": "string"
                  }
                ]
              ],
              "website_domain": "string",
              "website_endpoint": "string"
            }
          ],
          [
            "object",
            {
              "acceleration_status": "string",
              "acl": "string",
              "arn": "string",
              "bucket": "string",
              "bucket_domain_name": "string",
              "bucket_prefix": "string",
              "bucket_regional_domain_name": "string",
              "cors_rule": [
                "list",
                [
                  "object",
                  {
                    "allowed_headers": [
                      "list",
                      "string"
                    ],
                    "allowed_methods": [
                      "list",
                      "string"
                    ],
                    "allowed_origins": [
                      "list",
                      "string"
                    ],
                    "expose_headers": [
                      "list",
                      "string"
                    ],
                    "max_age_seconds": "number"
                  }
                ]
              ],
              "force_destroy": "bool",
              "grant": [
                "set",
                [
                  "object",
                  {
                    "id": "string",
                    "permissions": [
                      "set",
                      "string"
                    ],
                    "type": "string",
                    "uri": "string"
                  }
                ]
              ],
              "hosted_zone_id": "string",
              "id": "string",
              "lifecycle_rule": [
                "list",
                [
                  "object",
                  {
                    "abort_incomplete_multipart_upload_days": "number",
                    "enabled": "bool",
                    "expiration": [
                      "list",
                      [
                        "object",
                        {
                          "date": "string",
                          "days": "number",
                          "expired_object_delete_marker": "bool"
                        }
                      ]
                    ],
                    "id": "string",
                    "noncurrent_version_expiration": [
                      "list",
                      [
                        "object",
                        {
                          "days": "number"
                        }
                      ]
                    ],
                    "noncurrent_version_transition": [
                      "set",
                      [
                        "object",
                        {
                          "days": "number",
                          "storage_class": "string"
                        }
                      ]
                    ],
                    "prefix": "string",
                    "tags": [
                      "map",
                      "string"
                    ],
                    "transition": [
                      "set",
                      [
                        "object",
                        {
                          "date": "string",
                          "days": "number",
                          "storage_class": "string"
                        }
                      ]
                    ]
                  }
                ]
              ],
              "logging": [
                "set",
                [
                  "object",
                  {
                    "target_bucket": "string",
                    "target_prefix": "string"
                  }
                ]
              ],
              "object_lock_configuration": [
                "list",
                [
                  "object",
                  {
                    "object_lock_enabled": "string",
                    "rule": [
                      "list",
                      [
                        "object",
                        {
                          "default_retention": [
                            "list",
                            [
                              "object",
                              {
                                "days": "number",
                                "mode": "string",
                                "years": "number"
                              }
                            ]
                          ]
                        }
                      ]
                    ]
                  }
                ]
              ],
              "policy": "string",
              "region": "string",
              "replication_configuration": [
                "list",
                [
                  "object",
                  {
                    "role": "string",
                    "rules": [
                      "set",
                      [
                        "object",
                        {
                          "destination": [
                            "list",
                            [
                              "object",
                              {
                                "access_control_translation": [
                                  "list",
                                  [
                                    "object",
                                    {
                                      "owner": "string"
                                    }
                                  ]
                                ],
                                "account_id": "string",
                                "bucket": "string",
                                "replica_kms_key_id": "string",
                                "storage_class": "string"
                              }
                            ]
                          ],
                          "filter": [
                            "list",
                            [
                              "object",
                              {
                                "prefix": "string",
                                "tags": [
                                  "map",
                                  "string"
                                ]
                              }
                            ]
                          ],
                          "id": "string",
                          "prefix": "string",
                          "priority": "number",
                          "source_selection_criteria": [
                            "list",
                            [
                              "object",
                              {
                                "sse_kms_encrypted_objects": [
                                  "list",
                                  [
                                    "object",
                                    {
                                      "enabled": "bool"
                                    }
                                  ]
                                ]
                              }
                            ]
                          ],
                          "status": "string"
                        }
                      ]
                    ]
                  }
                ]
              ],
              "request_payer": "string",
              "server_side_encryption_configuration": [
                "list",
                [
                  "object",
                  {
                    "rule": [
                      "list",
                      [
                        "object",
                        {
                          "apply_server_side_encryption_by_default": [
                            "list",
                            [
                              "object",
                              {
                                "kms_master_key_id": "string",
                                "sse_algorithm": "string"
                              }
                            ]
                          ]
                        }
                      ]
                    ]
                  }
                ]
              ],
              "tags": [
                "map",
                "string"
              ],
              "versioning": [
                "list",
                [
                  "object",
                  {
                    "enabled": "bool",
                    "mfa_delete": "bool"
                  }
                ]
              ],
              "website": [
                "list",
                [
                  "object",
                  {
                    "error_document": "string",
                    "index_document": "string",
                    "redirect_all_requests_to": "string",
                    "routing_rules": "string"
                  }
                ]
              ],
              "website_domain": "string",
              "website_endpoint": "string"
            }
          ],
          [
            "object",
            {
              "acceleration_status": "string",
              "acl": "string",
              "arn": "string",
              "bucket": "string",
              "bucket_domain_name": "string",
              "bucket_prefix": "string",
              "bucket_regional_domain_name": "string",
              "cors_rule": [
                "list",
                [
                  "object",
                  {
                    "allowed_headers": [
                      "list",
                      "string"
                    ],
                    "allowed_methods": [
                      "list",
                      "string"
                    ],
                    "allowed_origins": [
                      "list",
                      "string"
                    ],
                    "expose_headers": [
                      "list",
                      "string"
                    ],
                    "max_age_seconds": "number"
                  }
                ]
              ],
              "force_destroy": "bool",
              "grant": [
                "set",
                [
                  "object",
                  {
                    "id": "string",
                    "permissions": [
                      "set",
                      "string"
                    ],
                    "type": "string",
                    "uri": "string"
                  }
                ]
              ],
              "hosted_zone_id": "string",
              "id": "string",
              "lifecycle_rule": [
                "list",
                [
                  "object",
                  {
                    "abort_incomplete_multipart_upload_days": "number",
                    "enabled": "bool",
                    "expiration": [
                      "list",
                      [
                        "object",
                        {
                          "date": "string",
                          "days": "number",
                          "expired_object_delete_marker": "bool"
                        }
                      ]
                    ],
                    "id": "string",
                    "noncurrent_version_expiration": [
                      "list",
                      [
                        "object",
                        {
                          "days": "number"
                        }
                      ]
                    ],
                    "noncurrent_version_transition": [
                      "set",
                      [
                        "object",
                        {
                          "days": "number",
                          "storage_class": "string"
                        }
                      ]
                    ],
                    "prefix": "string",
                    "tags": [
                      "map",
                      "string"
                    ],
                    "transition": [
                      "set",
                      [
                        "object",
                        {
                          "date": "string",
                          "days": "number",
                          "storage_class": "string"
                        }
                      ]
                    ]
                  }
                ]
              ],
              "logging": [
                "set",
                [
                  "object",
                  {
                    "target_bucket": "string",
                    "target_prefix": "string"
                  }
                ]
              ],
              "object_lock_configuration": [
                "list",
                [
                  "object",
                  {
                    "object_lock_enabled": "string",
                    "rule": [
                      "list",
                      [
                        "object",
                        {
                          "default_retention": [
                            "list",
                            [
                              "object",
                              {
                                "days": "number",
                                "mode": "string",
                                "years": "number"
                              }
                            ]
                          ]
                        }
                      ]
                    ]
                  }
                ]
              ],
              "policy": "string",
              "region": "string",
              "replication_configuration": [
                "list",
                [
                  "object",
                  {
                    "role": "string",
                    "rules": [
                      "set",
                      [
                        "object",
                        {
                          "destination": [
                            "list",
                            [
                              "object",
                              {
                                "access_control_translation": [
                                  "list",
                                  [
                                    "object",
                                    {
                                      "owner": "string"
                                    }
                                  ]
                                ],
                                "account_id": "string",
                                "bucket": "string",
                                "replica_kms_key_id": "string",
                                "storage_class": "string"
                              }
                            ]
                          ],
                          "filter": [
                            "list",
                            [
                              "object",
                              {
                                "prefix": "string",
                                "tags": [
                                  "map",
                                  "string"
                                ]
                              }
                            ]
                          ],
                          "id": "string",
                          "prefix": "string",
                          "priority": "number",
                          "source_selection_criteria": [
                            "list",
                            [
                              "object",
                              {
                                "sse_kms_encrypted_objects": [
                                  "list",
                                  [
                                    "object",
                                    {
                                      "enabled": "bool"
                                    }
                                  ]
                                ]
                              }
                            ]
                          ],
                          "status": "string"
                        }
                      ]
                    ]
                  }
                ]
              ],
              "request_payer": "string",
              "server_side_encryption_configuration": [
                "list",
                [
                  "object",
                  {
                    "rule": [
                      "list",
                      [
                        "object",
                        {
                          "apply_server_side_encryption_by_default": [
                            "list",
                            [
                              "object",
                              {
                                "kms_master_key_id": "string",
                                "sse_algorithm": "string"
                              }
                            ]
                          ]
                        }
                      ]
                    ]
                  }
                ]
              ],
              "tags": [
                "map",
                "string"
              ],
              "versioning": [
                "list",
                [
                  "object",
                  {
                    "enabled": "bool",
                    "mfa_delete": "bool"
                  }
                ]
              ],
              "website": [
                "list",
                [
                  "object",
                  {
                    "error_document": "string",
                    "index_document": "string",
                    "redirect_all_requests_to": "string",
                    "routing_rules": "string"
                  }
                ]
              ],
              "website_domain": "string",
              "website_endpoint": "string"
            }
          ],
          [
            "object",
            {
              "acceleration_status": "string",
              "acl": "string",
              "arn": "string",
              "bucket": "string",
              "bucket_domain_name": "string",
              "bucket_prefix": "string",
              "bucket_regional_domain_name": "string",
              "cors_rule": [
                "list",
                [
                  "object",
                  {
                    "allowed_headers": [
                      "list",
                      "string"
                    ],
                    "allowed_methods": [
                      "list",
                      "string"
                    ],
                    "allowed_origins": [
                      "list",
                      "string"
                    ],
                    "expose_headers": [
                      "list",
                      "string"
                    ],
                    "max_age_seconds": "number"
                  }
                ]
              ],
              "force_destroy": "bool",
              "grant": [
                "set",
                [
                  "object",
                  {
                    "id": "string",
                    "permissions": [
                      "set",
                      "string"
                    ],
                    "type": "string",
                    "uri": "string"
                  }
                ]
              ],
              "hosted_zone_id": "string",
              "id": "string",
              "lifecycle_rule": [
                "list",
                [
                  "object",
                  {
                    "abort_incomplete_multipart_upload_days": "number",
                    "enabled": "bool",
                    "expiration": [
                      "list",
                      [
                        "object",
                        {
                          "date": "string",
                          "days": "number",
                          "expired_object_delete_marker": "bool"
                        }
                      ]
                    ],
                    "id": "string",
                    "noncurrent_version_expiration": [
                      "list",
                      [
                        "object",
                        {
                          "days": "number"
                        }
                      ]
                    ],
                    "noncurrent_version_transition": [
                      "set",
                      [
                        "object",
                        {
                          "days": "number",
                          "storage_class": "string"
                        }
                      ]
                    ],
                    "prefix": "string",
                    "tags": [
                      "map",
                      "string"
                    ],
                    "transition": [
                      "set",
                      [
                        "object",
                        {
                          "date": "string",
                          "days": "number",
                          "storage_class": "string"
                        }
                      ]
                    ]
                  }
                ]
              ],
              "logging": [
                "set",
                [
                  "object",
                  {
                    "target_bucket": "string",
                    "target_prefix": "string"
                  }
                ]
              ],
              "object_lock_configuration": [
                "list",
                [
                  "object",
                  {
                    "object_lock_enabled": "string",
                    "rule": [
                      "list",
                      [
                        "object",
                        {
                          "default_retention": [
                            "list",
                            [
                              "object",
                              {
                                "days": "number",
                                "mode": "string",
                                "years": "number"
                              }
                            ]
                          ]
                        }
                      ]
                    ]
                  }
                ]
              ],
              "policy": "string",
              "region": "string",
              "replication_configuration": [
                "list",
                [
                  "object",
                  {
                    "role": "string",
                    "rules": [
                      "set",
                      [
                        "object",
                        {
                          "destination": [
                            "list",
                            [
                              "object",
                              {
                                "access_control_translation": [
                                  "list",
                                  [
                                    "object",
                                    {
                                      "owner": "string"
                                    }
                                  ]
                                ],
                                "account_id": "string",
                                "bucket": "string",
                                "replica_kms_key_id": "string",
                                "storage_class": "string"
                              }
                            ]
                          ],
                          "filter": [
                            "list",
                            [
                              "object",
                              {
                                "prefix": "string",
                                "tags": [
                                  "map",
                                  "string"
                                ]
                              }
                            ]
                          ],
                          "id": "string",
                          "prefix": "string",
                          "priority": "number",
                          "source_selection_criteria": [
                            "list",
                            [
                              "object",
                              {
                                "sse_kms_encrypted_objects": [
                                  "list",
                                  [
                                    "object",
                                    {
                                      "enabled": "bool"
                                    }
                                  ]
                                ]
                              }
                            ]
                          ],
                          "status": "string"
                        }
                      ]
                    ]
                  }
                ]
              ],
              "request_payer": "string",
              "server_side_encryption_configuration": [
                "list",
                [
                  "object",
                  {
                    "rule": [
                      "list",
                      [
                        "object",
                        {
                          "apply_server_side_encryption_by_default": [
                            "list",
                            [
                              "object",
                              {
                                "kms_master_key_id": "string",
                                "sse_algorithm": "string"
                              }
                            ]
                          ]
                        }
                      ]
                    ]
                  }
                ]
              ],
              "tags": [
                "map",
                "string"
              ],
              "versioning": [
                "list",
                [
                  "object",
                  {
                    "enabled": "bool",
                    "mfa_delete": "bool"
                  }
                ]
              ],
              "website": [
                "list",
                [
                  "object",
                  {
                    "error_document": "string",
                    "index_document": "string",
                    "redirect_all_requests_to": "string",
                    "routing_rules": "string"
                  }
                ]
              ],
              "website_domain": "string",
              "website_endpoint": "string"
            }
          ]
        ]
      ]
    },
    "comparision": {
      "value": "true true true true true true",
      "type": "string"
    },
    "logical": {
      "value": "true false",
      "type": "string"
    }
  },
  "resources": [
    {
      "mode": "data",
      "type": "aws_availability_zones",
      "name": "available",
      "provider": "provider[\"registry.terraform.io/hashicorp/aws\"]",
      "instances": [
        {
          "schema_version": 0,
          "attributes": {
            "all_availability_zones": null,
            "blacklisted_names": null,
            "blacklisted_zone_ids": null,
            "exclude_names": null,
            "exclude_zone_ids": null,
            "filter": null,
            "group_names": [
              "eu-central-1"
            ],
            "id": "2020-10-16 13:24:59.900347641 +0000 UTC",
            "names": [
              "eu-central-1a",
              "eu-central-1b",
              "eu-central-1c"
            ],
            "state": "available",
            "zone_ids": [
              "euc1-az2",
              "euc1-az3",
              "euc1-az1"
            ]
          }
        }
      ]
    },
    {
      "mode": "data",
      "type": "aws_caller_identity",
      "name": "current",
      "provider": "provider[\"registry.terraform.io/hashicorp/aws\"]",
      "instances": [
        {
          "schema_version": 0,
          "attributes": {
            "account_id": "726789470233",
            "arn": "arn:aws:iam::726789470233:user/terraform",
            "id": "2020-10-16 13:24:56.679183571 +0000 UTC",
            "user_id": "AIDA2SOAHHAMSEPY46DIT"
          }
        }
      ]
    },
    {
      "mode": "managed",
      "type": "aws_s3_bucket",
      "name": "bucket-x",
      "provider": "provider[\"registry.terraform.io/hashicorp/aws\"]",
      "instances": [
        {
          "index_key": 0,
          "schema_version": 0,
          "attributes": {
            "acceleration_status": "",
            "acl": "private",
            "arn": "arn:aws:s3:::726789470233-aida2soahhamsepy46dit-bucket-x7",
            "bucket": "726789470233-aida2soahhamsepy46dit-bucket-x7",
            "bucket_domain_name": "726789470233-aida2soahhamsepy46dit-bucket-x7.s3.amazonaws.com",
            "bucket_prefix": null,
            "bucket_regional_domain_name": "726789470233-aida2soahhamsepy46dit-bucket-x7.s3.eu-central-1.amazonaws.com",
            "cors_rule": [],
            "force_destroy": false,
            "grant": [],
            "hosted_zone_id": "Z21DNDUVLTQW6Q",
            "id": "726789470233-aida2soahhamsepy46dit-bucket-x7",
            "lifecycle_rule": [],
            "logging": [],
            "object_lock_configuration": [],
            "policy": null,
            "region": "eu-central-1",
            "replication_configuration": [],
            "request_payer": "BucketOwner",
            "server_side_encryption_configuration": [],
            "tags": null,
            "versioning": [
              {
                "enabled": false,
                "mfa_delete": false
              }
            ],
            "website": [],
            "website_domain": null,
            "website_endpoint": null
          },
          "private": "bnVsbA==",
          "dependencies": [
            "data.aws_caller_identity.current"
          ]
        },
        {
          "index_key": 1,
          "schema_version": 0,
          "attributes": {
            "acceleration_status": "",
            "acl": "private",
            "arn": "arn:aws:s3:::726789470233-aida2soahhamsepy46dit-bucket-x8",
            "bucket": "726789470233-aida2soahhamsepy46dit-bucket-x8",
            "bucket_domain_name": "726789470233-aida2soahhamsepy46dit-bucket-x8.s3.amazonaws.com",
            "bucket_prefix": null,
            "bucket_regional_domain_name": "726789470233-aida2soahhamsepy46dit-bucket-x8.s3.eu-central-1.amazonaws.com",
            "cors_rule": [],
            "force_destroy": false,
            "grant": [],
            "hosted_zone_id": "Z21DNDUVLTQW6Q",
            "id": "726789470233-aida2soahhamsepy46dit-bucket-x8",
            "lifecycle_rule": [],
            "logging": [],
            "object_lock_configuration": [],
            "policy": null,
            "region": "eu-central-1",
            "replication_configuration": [],
            "request_payer": "BucketOwner",
            "server_side_encryption_configuration": [],
            "tags": null,
            "versioning": [
              {
                "enabled": false,
                "mfa_delete": false
              }
            ],
            "website": [],
            "website_domain": null,
            "website_endpoint": null
          },
          "private": "bnVsbA==",
          "dependencies": [
            "data.aws_caller_identity.current"
          ]
        },
        {
          "index_key": 2,
          "schema_version": 0,
          "attributes": {
            "acceleration_status": "",
            "acl": "private",
            "arn": "arn:aws:s3:::726789470233-aida2soahhamsepy46dit-bucket-x9",
            "bucket": "726789470233-aida2soahhamsepy46dit-bucket-x9",
            "bucket_domain_name": "726789470233-aida2soahhamsepy46dit-bucket-x9.s3.amazonaws.com",
            "bucket_prefix": null,
            "bucket_regional_domain_name": "726789470233-aida2soahhamsepy46dit-bucket-x9.s3.eu-central-1.amazonaws.com",
            "cors_rule": [],
            "force_destroy": false,
            "grant": [],
            "hosted_zone_id": "Z21DNDUVLTQW6Q",
            "id": "726789470233-aida2soahhamsepy46dit-bucket-x9",
            "lifecycle_rule": [],
            "logging": [],
            "object_lock_configuration": [],
            "policy": null,
            "region": "eu-central-1",
            "replication_configuration": [],
            "request_payer": "BucketOwner",
            "server_side_encryption_configuration": [],
            "tags": null,
            "versioning": [
              {
                "enabled": false,
                "mfa_delete": false
              }
            ],
            "website": [],
            "website_domain": null,
            "website_endpoint": null
          },
          "private": "bnVsbA==",
          "dependencies": [
            "data.aws_caller_identity.current"
          ]
        },
        {
          "index_key": 3,
          "schema_version": 0,
          "attributes": {
            "acceleration_status": "",
            "acl": "private",
            "arn": "arn:aws:s3:::726789470233-aida2soahhamsepy46dit-bucket-x10",
            "bucket": "726789470233-aida2soahhamsepy46dit-bucket-x10",
            "bucket_domain_name": "726789470233-aida2soahhamsepy46dit-bucket-x10.s3.amazonaws.com",
            "bucket_prefix": null,
            "bucket_regional_domain_name": "726789470233-aida2soahhamsepy46dit-bucket-x10.s3.eu-central-1.amazonaws.com",
            "cors_rule": [],
            "force_destroy": false,
            "grant": [],
            "hosted_zone_id": "Z21DNDUVLTQW6Q",
            "id": "726789470233-aida2soahhamsepy46dit-bucket-x10",
            "lifecycle_rule": [],
            "logging": [],
            "object_lock_configuration": [],
            "policy": null,
            "region": "eu-central-1",
            "replication_configuration": [],
            "request_payer": "BucketOwner",
            "server_side_encryption_configuration": [],
            "tags": null,
            "versioning": [
              {
                "enabled": false,
                "mfa_delete": false
              }
            ],
            "website": [],
            "website_domain": null,
            "website_endpoint": null
          },
          "private": "bnVsbA==",
          "dependencies": [
            "data.aws_caller_identity.current"
          ]
        },
        {
          "index_key": 4,
          "schema_version": 0,
          "attributes": {
            "acceleration_status": "",
            "acl": "private",
            "arn": "arn:aws:s3:::726789470233-aida2soahhamsepy46dit-bucket-x11",
            "bucket": "726789470233-aida2soahhamsepy46dit-bucket-x11",
            "bucket_domain_name": "726789470233-aida2soahhamsepy46dit-bucket-x11.s3.amazonaws.com",
            "bucket_prefix": null,
            "bucket_regional_domain_name": "726789470233-aida2soahhamsepy46dit-bucket-x11.s3.eu-central-1.amazonaws.com",
            "cors_rule": [],
            "force_destroy": false,
            "grant": [],
            "hosted_zone_id": "Z21DNDUVLTQW6Q",
            "id": "726789470233-aida2soahhamsepy46dit-bucket-x11",
            "lifecycle_rule": [],
            "logging": [],
            "object_lock_configuration": [],
            "policy": null,
            "region": "eu-central-1",
            "replication_configuration": [],
            "request_payer": "BucketOwner",
            "server_side_encryption_configuration": [],
            "tags": null,
            "versioning": [
              {
                "enabled": false,
                "mfa_delete": false
              }
            ],
            "website": [],
            "website_domain": null,
            "website_endpoint": null
          },
          "private": "bnVsbA==",
          "dependencies": [
            "data.aws_caller_identity.current"
          ]
        },
        {
          "index_key": 5,
          "schema_version": 0,
          "attributes": {
            "acceleration_status": "",
            "acl": "private",
            "arn": "arn:aws:s3:::726789470233-aida2soahhamsepy46dit-bucket-x12",
            "bucket": "726789470233-aida2soahhamsepy46dit-bucket-x12",
            "bucket_domain_name": "726789470233-aida2soahhamsepy46dit-bucket-x12.s3.amazonaws.com",
            "bucket_prefix": null,
            "bucket_regional_domain_name": "726789470233-aida2soahhamsepy46dit-bucket-x12.s3.eu-central-1.amazonaws.com",
            "cors_rule": [],
            "force_destroy": false,
            "grant": [],
            "hosted_zone_id": "Z21DNDUVLTQW6Q",
            "id": "726789470233-aida2soahhamsepy46dit-bucket-x12",
            "lifecycle_rule": [],
            "logging": [],
            "object_lock_configuration": [],
            "policy": null,
            "region": "eu-central-1",
            "replication_configuration": [],
            "request_payer": "BucketOwner",
            "server_side_encryption_configuration": [],
            "tags": null,
            "versioning": [
              {
                "enabled": false,
                "mfa_delete": false
              }
            ],
            "website": [],
            "website_domain": null,
            "website_endpoint": null
          },
          "private": "bnVsbA==",
          "dependencies": [
            "data.aws_caller_identity.current"
          ]
        },
        {
          "index_key": 6,
          "schema_version": 0,
          "attributes": {
            "acceleration_status": "",
            "acl": "private",
            "arn": "arn:aws:s3:::726789470233-aida2soahhamsepy46dit-bucket-x13",
            "bucket": "726789470233-aida2soahhamsepy46dit-bucket-x13",
            "bucket_domain_name": "726789470233-aida2soahhamsepy46dit-bucket-x13.s3.amazonaws.com",
            "bucket_prefix": null,
            "bucket_regional_domain_name": "726789470233-aida2soahhamsepy46dit-bucket-x13.s3.eu-central-1.amazonaws.com",
            "cors_rule": [],
            "force_destroy": false,
            "grant": [],
            "hosted_zone_id": "Z21DNDUVLTQW6Q",
            "id": "726789470233-aida2soahhamsepy46dit-bucket-x13",
            "lifecycle_rule": [],
            "logging": [],
            "object_lock_configuration": [],
            "policy": null,
            "region": "eu-central-1",
            "replication_configuration": [],
            "request_payer": "BucketOwner",
            "server_side_encryption_configuration": [],
            "tags": null,
            "versioning": [
              {
                "enabled": false,
                "mfa_delete": false
              }
            ],
            "website": [],
            "website_domain": null,
            "website_endpoint": null
          },
          "private": "bnVsbA==",
          "dependencies": [
            "data.aws_caller_identity.current"
          ]
        }
      ]
    }
  ]
}
